
Microsoft Visual Studio Solution File, Format Version 12.00
# Visual Studio Version 17
VisualStudioVersion = 17.6.33723.286
MinimumVisualStudioVersion = 10.0.40219.1
Project("{FAE04EC0-301F-11D3-BF4B-00C04F79EFBC}") = "gRPCDataBase", "gRPCDataBase\gRPCDataBase.csproj", "{A21CF1A6-B328-4054-B637-A69AC68259C5}"
EndProject
Project("{FAE04EC0-301F-11D3-BF4B-00C04F79EFBC}") = "Client", "Client\Client.csproj", "{F62EBB88-D146-49A1-8EAE-165D8BD1779D}"
EndProject
Global
	GlobalSection(SolutionConfigurationPlatforms) = preSolution
		Debug|Any CPU = Debug|Any CPU
		Release|Any CPU = Release|Any CPU
	EndGlobalSection
	GlobalSection(ProjectConfigurationPlatforms) = postSolution
		{A21CF1A6-B328-4054-B637-A69AC68259C5}.Debug|Any CPU.ActiveCfg = Debug|Any CPU
		{A21CF1A6-B328-4054-B637-A69AC68259C5}.Debug|Any CPU.Build.0 = Debug|Any CPU
		{A21CF1A6-B328-4054-B637-A69AC68259C5}.Release|Any CPU.ActiveCfg = Release|Any CPU
		{A21CF1A6-B328-4054-B637-A69AC68259C5}.Release|Any CPU.Build.0 = Release|Any CPU
		{F62EBB88-D146-49A1-8EAE-165D8BD1779D}.Debug|Any CPU.ActiveCfg = Debug|Any CPU
		{F62EBB88-D146-49A1-8EAE-165D8BD1779D}.Debug|Any CPU.Build.0 = Debug|Any CPU
		{F62EBB88-D146-49A1-8EAE-165D8BD1779D}.Release|Any CPU.ActiveCfg = Release|Any CPU
		{F62EBB88-D146-49A1-8EAE-165D8BD1779D}.Release|Any CPU.Build.0 = Release|Any CPU
	EndGlobalSection
	GlobalSection(SolutionProperties) = preSolution
		HideSolutionNode = FALSE
	EndGlobalSection
	GlobalSection(ExtensibilityGlobals) = postSolution
		SolutionGuid = {38FE1AEA-D488-45DE-B6C5-328636C213AC}
	EndGlobalSection
EndGlobal
